// !$*UTF8*$!
{
	archiveVersion = 1;
	classes = {
	};
	objectVersion = 55;
	objects = {

/* Begin PBXBuildFile section */
		4E9023B82C3C40B700A9C691 /* Dubizzle_Clone_SwiftUIApp.swift in Sources */ = {isa = PBXBuildFile; fileRef = 4E9023B72C3C40B700A9C691 /* Dubizzle_Clone_SwiftUIApp.swift */; };
		4E9023BA2C3C40B700A9C691 /* ContentView.swift in Sources */ = {isa = PBXBuildFile; fileRef = 4E9023B92C3C40B700A9C691 /* ContentView.swift */; };
		4E9023BC2C3C40BB00A9C691 /* Assets.xcassets in Resources */ = {isa = PBXBuildFile; fileRef = 4E9023BB2C3C40BB00A9C691 /* Assets.xcassets */; };
		4E9023BF2C3C40BB00A9C691 /* Preview Assets.xcassets in Resources */ = {isa = PBXBuildFile; fileRef = 4E9023BE2C3C40BB00A9C691 /* Preview Assets.xcassets */; };
		4E9023C92C3C40BC00A9C691 /* Dubizzle_Clone_SwiftUITests.swift in Sources */ = {isa = PBXBuildFile; fileRef = 4E9023C82C3C40BC00A9C691 /* Dubizzle_Clone_SwiftUITests.swift */; };
		4E9023D32C3C40BC00A9C691 /* Dubizzle_Clone_SwiftUIUITests.swift in Sources */ = {isa = PBXBuildFile; fileRef = 4E9023D22C3C40BC00A9C691 /* Dubizzle_Clone_SwiftUIUITests.swift */; };
		4E9023D52C3C40BC00A9C691 /* Dubizzle_Clone_SwiftUIUITestsLaunchTests.swift in Sources */ = {isa = PBXBuildFile; fileRef = 4E9023D42C3C40BC00A9C691 /* Dubizzle_Clone_SwiftUIUITestsLaunchTests.swift */; };
		4E9023E22C3C459000A9C691 /* Model.swift in Sources */ = {isa = PBXBuildFile; fileRef = 4E9023E12C3C459000A9C691 /* Model.swift */; };
/* End PBXBuildFile section */

/* Begin PBXContainerItemProxy section */
		4E9023C52C3C40BC00A9C691 /* PBXContainerItemProxy */ = {
			isa = PBXContainerItemProxy;
			containerPortal = 4E9023AC2C3C40B700A9C691 /* Project object */;
			proxyType = 1;
			remoteGlobalIDString = 4E9023B32C3C40B700A9C691;
			remoteInfo = Dubizzle_Clone_SwiftUI;
		};
		4E9023CF2C3C40BC00A9C691 /* PBXContainerItemProxy */ = {
			isa = PBXContainerItemProxy;
			containerPortal = 4E9023AC2C3C40B700A9C691 /* Project object */;
			proxyType = 1;
			remoteGlobalIDString = 4E9023B32C3C40B700A9C691;
			remoteInfo = Dubizzle_Clone_SwiftUI;
		};
/* End PBXContainerItemProxy section */

/* Begin PBXFileReference section */
		4E9023B42C3C40B700A9C691 /* Dubizzle_Clone_SwiftUI.app */ = {isa = PBXFileReference; explicitFileType = wrapper.application; includeInIndex = 0; path = Dubizzle_Clone_SwiftUI.app; sourceTree = BUILT_PRODUCTS_DIR; };
		4E9023B72C3C40B700A9C691 /* Dubizzle_Clone_SwiftUIApp.swift */ = {isa = PBXFileReference; lastKnownFileType = sourcecode.swift; path = Dubizzle_Clone_SwiftUIApp.swift; sourceTree = "<group>"; };
		4E9023B92C3C40B700A9C691 /* ContentView.swift */ = {isa = PBXFileReference; lastKnownFileType = sourcecode.swift; path = ContentView.swift; sourceTree = "<group>"; };
		4E9023BB2C3C40BB00A9C691 /* Assets.xcassets */ = {isa = PBXFileReference; lastKnownFileType = folder.assetcatalog; path = Assets.xcassets; sourceTree = "<group>"; };
		4E9023BE2C3C40BB00A9C691 /* Preview Assets.xcassets */ = {isa = PBXFileReference; lastKnownFileType = folder.assetcatalog; path = "Preview Assets.xcassets"; sourceTree = "<group>"; };
		4E9023C42C3C40BC00A9C691 /* Dubizzle_Clone_SwiftUITests.xctest */ = {isa = PBXFileReference; explicitFileType = wrapper.cfbundle; includeInIndex = 0; path = Dubizzle_Clone_SwiftUITests.xctest; sourceTree = BUILT_PRODUCTS_DIR; };
		4E9023C82C3C40BC00A9C691 /* Dubizzle_Clone_SwiftUITests.swift */ = {isa = PBXFileReference; lastKnownFileType = sourcecode.swift; path = Dubizzle_Clone_SwiftUITests.swift; sourceTree = "<group>"; };
		4E9023CE2C3C40BC00A9C691 /* Dubizzle_Clone_SwiftUIUITests.xctest */ = {isa = PBXFileReference; explicitFileType = wrapper.cfbundle; includeInIndex = 0; path = Dubizzle_Clone_SwiftUIUITests.xctest; sourceTree = BUILT_PRODUCTS_DIR; };
		4E9023D22C3C40BC00A9C691 /* Dubizzle_Clone_SwiftUIUITests.swift */ = {isa = PBXFileReference; lastKnownFileType = sourcecode.swift; path = Dubizzle_Clone_SwiftUIUITests.swift; sourceTree = "<group>"; };
		4E9023D42C3C40BC00A9C691 /* Dubizzle_Clone_SwiftUIUITestsLaunchTests.swift */ = {isa = PBXFileReference; lastKnownFileType = sourcecode.swift; path = Dubizzle_Clone_SwiftUIUITestsLaunchTests.swift; sourceTree = "<group>"; };
		4E9023E12C3C459000A9C691 /* Model.swift */ = {isa = PBXFileReference; lastKnownFileType = sourcecode.swift; path = Model.swift; sourceTree = "<group>"; };
/* End PBXFileReference section */

/* Begin PBXFrameworksBuildPhase section */
		4E9023B12C3C40B700A9C691 /* Frameworks */ = {
			isa = PBXFrameworksBuildPhase;
			buildActionMask = 2147483647;
			files = (
			);
			runOnlyForDeploymentPostprocessing = 0;
		};
		4E9023C12C3C40BC00A9C691 /* Frameworks */ = {
			isa = PBXFrameworksBuildPhase;
			buildActionMask = 2147483647;
			files = (
			);
			runOnlyForDeploymentPostprocessing = 0;
		};
		4E9023CB2C3C40BC00A9C691 /* Frameworks */ = {
			isa = PBXFrameworksBuildPhase;
			buildActionMask = 2147483647;
			files = (
			);
			runOnlyForDeploymentPostprocessing = 0;
		};
/* End PBXFrameworksBuildPhase section */

/* Begin PBXGroup section */
		4E9023AB2C3C40B700A9C691 = {
			isa = PBXGroup;
			children = (
				4E9023B62C3C40B700A9C691 /* Dubizzle_Clone_SwiftUI */,
				4E9023C72C3C40BC00A9C691 /* Dubizzle_Clone_SwiftUITests */,
				4E9023D12C3C40BC00A9C691 /* Dubizzle_Clone_SwiftUIUITests */,
				4E9023B52C3C40B700A9C691 /* Products */,
			);
			sourceTree = "<group>";
		};
		4E9023B52C3C40B700A9C691 /* Products */ = {
			isa = PBXGroup;
			children = (
				4E9023B42C3C40B700A9C691 /* Dubizzle_Clone_SwiftUI.app */,
				4E9023C42C3C40BC00A9C691 /* Dubizzle_Clone_SwiftUITests.xctest */,
				4E9023CE2C3C40BC00A9C691 /* Dubizzle_Clone_SwiftUIUITests.xctest */,
			);
			name = Products;
			sourceTree = "<group>";
		};
		4E9023B62C3C40B700A9C691 /* Dubizzle_Clone_SwiftUI */ = {
			isa = PBXGroup;
			children = (
				4E9023B72C3C40B700A9C691 /* Dubizzle_Clone_SwiftUIApp.swift */,
				4E9023E12C3C459000A9C691 /* Model.swift */,
				4E9023B92C3C40B700A9C691 /* ContentView.swift */,
				4E9023BB2C3C40BB00A9C691 /* Assets.xcassets */,
				4E9023BD2C3C40BB00A9C691 /* Preview Content */,
			);
			path = Dubizzle_Clone_SwiftUI;
			sourceTree = "<group>";
		};
		4E9023BD2C3C40BB00A9C691 /* Preview Content */ = {
			isa = PBXGroup;
			children = (
				4E9023BE2C3C40BB00A9C691 /* Preview Assets.xcassets */,
			);
			path = "Preview Content";
			sourceTree = "<group>";
		};
		4E9023C72C3C40BC00A9C691 /* Dubizzle_Clone_SwiftUITests */ = {
			isa = PBXGroup;
			children = (
				4E9023C82C3C40BC00A9C691 /* Dubizzle_Clone_SwiftUITests.swift */,
			);
			path = Dubizzle_Clone_SwiftUITests;
			sourceTree = "<group>";
		};
		4E9023D12C3C40BC00A9C691 /* Dubizzle_Clone_SwiftUIUITests */ = {
			isa = PBXGroup;
			children = (
				4E9023D22C3C40BC00A9C691 /* Dubizzle_Clone_SwiftUIUITests.swift */,
				4E9023D42C3C40BC00A9C691 /* Dubizzle_Clone_SwiftUIUITestsLaunchTests.swift */,
			);
			path = Dubizzle_Clone_SwiftUIUITests;
			sourceTree = "<group>";
		};
/* End PBXGroup section */

/* Begin PBXNativeTarget section */
		4E9023B32C3C40B700A9C691 /* Dubizzle_Clone_SwiftUI */ = {
			isa = PBXNativeTarget;
			buildConfigurationList = 4E9023D82C3C40BC00A9C691 /* Build configuration list for PBXNativeTarget "Dubizzle_Clone_SwiftUI" */;
			buildPhases = (
				4E9023B02C3C40B700A9C691 /* Sources */,
				4E9023B12C3C40B700A9C691 /* Frameworks */,
				4E9023B22C3C40B700A9C691 /* Resources */,
			);
			buildRules = (
			);
			dependencies = (
			);
			name = Dubizzle_Clone_SwiftUI;
			productName = Dubizzle_Clone_SwiftUI;
			productReference = 4E9023B42C3C40B700A9C691 /* Dubizzle_Clone_SwiftUI.app */;
			productType = "com.apple.product-type.application";
		};
		4E9023C32C3C40BC00A9C691 /* Dubizzle_Clone_SwiftUITests */ = {
			isa = PBXNativeTarget;
			buildConfigurationList = 4E9023DB2C3C40BC00A9C691 /* Build configuration list for PBXNativeTarget "Dubizzle_Clone_SwiftUITests" */;
			buildPhases = (
				4E9023C02C3C40BC00A9C691 /* Sources */,
				4E9023C12C3C40BC00A9C691 /* Frameworks */,
				4E9023C22C3C40BC00A9C691 /* Resources */,
			);
			buildRules = (
			);
			dependencies = (
				4E9023C62C3C40BC00A9C691 /* PBXTargetDependency */,
			);
			name = Dubizzle_Clone_SwiftUITests;
			productName = Dubizzle_Clone_SwiftUITests;
			productReference = 4E9023C42C3C40BC00A9C691 /* Dubizzle_Clone_SwiftUITests.xctest */;
			productType = "com.apple.product-type.bundle.unit-test";
		};
		4E9023CD2C3C40BC00A9C691 /* Dubizzle_Clone_SwiftUIUITests */ = {
			isa = PBXNativeTarget;
			buildConfigurationList = 4E9023DE2C3C40BC00A9C691 /* Build configuration list for PBXNativeTarget "Dubizzle_Clone_SwiftUIUITests" */;
			buildPhases = (
				4E9023CA2C3C40BC00A9C691 /* Sources */,
				4E9023CB2C3C40BC00A9C691 /* Frameworks */,
				4E9023CC2C3C40BC00A9C691 /* Resources */,
			);
			buildRules = (
			);
			dependencies = (
				4E9023D02C3C40BC00A9C691 /* PBXTargetDependency */,
			);
			name = Dubizzle_Clone_SwiftUIUITests;
			productName = Dubizzle_Clone_SwiftUIUITests;
			productReference = 4E9023CE2C3C40BC00A9C691 /* Dubizzle_Clone_SwiftUIUITests.xctest */;
			productType = "com.apple.product-type.bundle.ui-testing";
		};
/* End PBXNativeTarget section */

/* Begin PBXProject section */
		4E9023AC2C3C40B700A9C691 /* Project object */ = {
			isa = PBXProject;
			attributes = {
				BuildIndependentTargetsInParallel = 1;
				LastSwiftUpdateCheck = 1340;
				LastUpgradeCheck = 1340;
				TargetAttributes = {
					4E9023B32C3C40B700A9C691 = {
						CreatedOnToolsVersion = 13.4.1;
					};
					4E9023C32C3C40BC00A9C691 = {
						CreatedOnToolsVersion = 13.4.1;
						TestTargetID = 4E9023B32C3C40B700A9C691;
					};
					4E9023CD2C3C40BC00A9C691 = {
						CreatedOnToolsVersion = 13.4.1;
						TestTargetID = 4E9023B32C3C40B700A9C691;
					};
				};
			};
			buildConfigurationList = 4E9023AF2C3C40B700A9C691 /* Build configuration list for PBXProject "Dubizzle_Clone_SwiftUI" */;
			compatibilityVersion = "Xcode 13.0";
			developmentRegion = en;
			hasScannedForEncodings = 0;
			knownRegions = (
				en,
				Base,
			);
			mainGroup = 4E9023AB2C3C40B700A9C691;
			productRefGroup = 4E9023B52C3C40B700A9C691 /* Products */;
			projectDirPath = "";
			projectRoot = "";
			targets = (
				4E9023B32C3C40B700A9C691 /* Dubizzle_Clone_SwiftUI */,
				4E9023C32C3C40BC00A9C691 /* Dubizzle_Clone_SwiftUITests */,
				4E9023CD2C3C40BC00A9C691 /* Dubizzle_Clone_SwiftUIUITests */,
			);
		};
/* End PBXProject section */

/* Begin PBXResourcesBuildPhase section */
		4E9023B22C3C40B700A9C691 /* Resources */ = {
			isa = PBXResourcesBuildPhase;
			buildActionMask = 2147483647;
			files = (
				4E9023BF2C3C40BB00A9C691 /* Preview Assets.xcassets in Resources */,
				4E9023BC2C3C40BB00A9C691 /* Assets.xcassets in Resources */,
			);
			runOnlyForDeploymentPostprocessing = 0;
		};
		4E9023C22C3C40BC00A9C691 /* Resources */ = {
			isa = PBXResourcesBuildPhase;
			buildActionMask = 2147483647;
			files = (
			);
			runOnlyForDeploymentPostprocessing = 0;
		};
		4E9023CC2C3C40BC00A9C691 /* Resources */ = {
			isa = PBXResourcesBuildPhase;
			buildActionMask = 2147483647;
			files = (
			);
			runOnlyForDeploymentPostprocessing = 0;
		};
/* End PBXResourcesBuildPhase section */

/* Begin PBXSourcesBuildPhase section */
		4E9023B02C3C40B700A9C691 /* Sources */ = {
			isa = PBXSourcesBuildPhase;
			buildActionMask = 2147483647;
			files = (
				4E9023E22C3C459000A9C691 /* Model.swift in Sources */,
				4E9023BA2C3C40B700A9C691 /* ContentView.swift in Sources */,
				4E9023B82C3C40B700A9C691 /* Dubizzle_Clone_SwiftUIApp.swift in Sources */,
			);
			runOnlyForDeploymentPostprocessing = 0;
		};
		4E9023C02C3C40BC00A9C691 /* Sources */ = {
			isa = PBXSourcesBuildPhase;
			buildActionMask = 2147483647;
			files = (
				4E9023C92C3C40BC00A9C691 /* Dubizzle_Clone_SwiftUITests.swift in Sources */,
			);
			runOnlyForDeploymentPostprocessing = 0;
		};
		4E9023CA2C3C40BC00A9C691 /* Sources */ = {
			isa = PBXSourcesBuildPhase;
			buildActionMask = 2147483647;
			files = (
				4E9023D32C3C40BC00A9C691 /* Dubizzle_Clone_SwiftUIUITests.swift in Sources */,
				4E9023D52C3C40BC00A9C691 /* Dubizzle_Clone_SwiftUIUITestsLaunchTests.swift in Sources */,
			);
			runOnlyForDeploymentPostprocessing = 0;
		};
/* End PBXSourcesBuildPhase section */

/* Begin PBXTargetDependency section */
		4E9023C62C3C40BC00A9C691 /* PBXTargetDependency */ = {
			isa = PBXTargetDependency;
			target = 4E9023B32C3C40B700A9C691 /* Dubizzle_Clone_SwiftUI */;
			targetProxy = 4E9023C52C3C40BC00A9C691 /* PBXContainerItemProxy */;
		};
		4E9023D02C3C40BC00A9C691 /* PBXTargetDependency */ = {
			isa = PBXTargetDependency;
			target = 4E9023B32C3C40B700A9C691 /* Dubizzle_Clone_SwiftUI */;
			targetProxy = 4E9023CF2C3C40BC00A9C691 /* PBXContainerItemProxy */;
		};
/* End PBXTargetDependency section */

/* Begin XCBuildConfiguration section */
		4E9023D62C3C40BC00A9C691 /* Debug */ = {
			isa = XCBuildConfiguration;
			buildSettings = {
				ALWAYS_SEARCH_USER_PATHS = NO;
				CLANG_ANALYZER_NONNULL = YES;
				CLANG_ANALYZER_NUMBER_OBJECT_CONVERSION = YES_AGGRESSIVE;
				CLANG_CXX_LANGUAGE_STANDARD = "gnu++17";
				CLANG_ENABLE_MODULES = YES;
				CLANG_ENABLE_OBJC_ARC = YES;
				CLANG_ENABLE_OBJC_WEAK = YES;
				CLANG_WARN_BLOCK_CAPTURE_AUTORELEASING = YES;
				CLANG_WARN_BOOL_CONVERSION = YES;
				CLANG_WARN_COMMA = YES;
				CLANG_WARN_CONSTANT_CONVERSION = YES;
				CLANG_WARN_DEPRECATED_OBJC_IMPLEMENTATIONS = YES;
				CLANG_WARN_DIRECT_OBJC_ISA_USAGE = YES_ERROR;
				CLANG_WARN_DOCUMENTATION_COMMENTS = YES;
				CLANG_WARN_EMPTY_BODY = YES;
				CLANG_WARN_ENUM_CONVERSION = YES;
				CLANG_WARN_INFINITE_RECURSION = YES;
				CLANG_WARN_INT_CONVERSION = YES;
				CLANG_WARN_NON_LITERAL_NULL_CONVERSION = YES;
				CLANG_WARN_OBJC_IMPLICIT_RETAIN_SELF = YES;
				CLANG_WARN_OBJC_LITERAL_CONVERSION = YES;
				CLANG_WARN_OBJC_ROOT_CLASS = YES_ERROR;
				CLANG_WARN_QUOTED_INCLUDE_IN_FRAMEWORK_HEADER = YES;
				CLANG_WARN_RANGE_LOOP_ANALYSIS = YES;
				CLANG_WARN_STRICT_PROTOTYPES = YES;
				CLANG_WARN_SUSPICIOUS_MOVE = YES;
				CLANG_WARN_UNGUARDED_AVAILABILITY = YES_AGGRESSIVE;
				CLANG_WARN_UNREACHABLE_CODE = YES;
				CLANG_WARN__DUPLICATE_METHOD_MATCH = YES;
				COPY_PHASE_STRIP = NO;
				DEBUG_INFORMATION_FORMAT = dwarf;
				ENABLE_STRICT_OBJC_MSGSEND = YES;
				ENABLE_TESTABILITY = YES;
				GCC_C_LANGUAGE_STANDARD = gnu11;
				GCC_DYNAMIC_NO_PIC = NO;
				GCC_NO_COMMON_BLOCKS = YES;
				GCC_OPTIMIZATION_LEVEL = 0;
				GCC_PREPROCESSOR_DEFINITIONS = (
					"DEBUG=1",
					"$(inherited)",
				);
				GCC_WARN_64_TO_32_BIT_CONVERSION = YES;
				GCC_WARN_ABOUT_RETURN_TYPE = YES_ERROR;
				GCC_WARN_UNDECLARED_SELECTOR = YES;
				GCC_WARN_UNINITIALIZED_AUTOS = YES_AGGRESSIVE;
				GCC_WARN_UNUSED_FUNCTION = YES;
				GCC_WARN_UNUSED_VARIABLE = YES;
				IPHONEOS_DEPLOYMENT_TARGET = 15.5;
				MTL_ENABLE_DEBUG_INFO = INCLUDE_SOURCE;
				MTL_FAST_MATH = YES;
				ONLY_ACTIVE_ARCH = YES;
				SDKROOT = iphoneos;
				SWIFT_ACTIVE_COMPILATION_CONDITIONS = DEBUG;
				SWIFT_OPTIMIZATION_LEVEL = "-Onone";
			};
			name = Debug;
		};
		4E9023D72C3C40BC00A9C691 /* Release */ = {
			isa = XCBuildConfiguration;
			buildSettings = {
				ALWAYS_SEARCH_USER_PATHS = NO;
				CLANG_ANALYZER_NONNULL = YES;
				CLANG_ANALYZER_NUMBER_OBJECT_CONVERSION = YES_AGGRESSIVE;
				CLANG_CXX_LANGUAGE_STANDARD = "gnu++17";
				CLANG_ENABLE_MODULES = YES;
				CLANG_ENABLE_OBJC_ARC = YES;
				CLANG_ENABLE_OBJC_WEAK = YES;
				CLANG_WARN_BLOCK_CAPTURE_AUTORELEASING = YES;
				CLANG_WARN_BOOL_CONVERSION = YES;
				CLANG_WARN_COMMA = YES;
				CLANG_WARN_CONSTANT_CONVERSION = YES;
				CLANG_WARN_DEPRECATED_OBJC_IMPLEMENTATIONS = YES;
				CLANG_WARN_DIRECT_OBJC_ISA_USAGE = YES_ERROR;
				CLANG_WARN_DOCUMENTATION_COMMENTS = YES;
				CLANG_WARN_EMPTY_BODY = YES;
				CLANG_WARN_ENUM_CONVERSION = YES;
				CLANG_WARN_INFINITE_RECURSION = YES;
				CLANG_WARN_INT_CONVERSION = YES;
				CLANG_WARN_NON_LITERAL_NULL_CONVERSION = YES;
				CLANG_WARN_OBJC_IMPLICIT_RETAIN_SELF = YES;
				CLANG_WARN_OBJC_LITERAL_CONVERSION = YES;
				CLANG_WARN_OBJC_ROOT_CLASS = YES_ERROR;
				CLANG_WARN_QUOTED_INCLUDE_IN_FRAMEWORK_HEADER = YES;
				CLANG_WARN_RANGE_LOOP_ANALYSIS = YES;
				CLANG_WARN_STRICT_PROTOTYPES = YES;
				CLANG_WARN_SUSPICIOUS_MOVE = YES;
				CLANG_WARN_UNGUARDED_AVAILABILITY = YES_AGGRESSIVE;
				CLANG_WARN_UNREACHABLE_CODE = YES;
				CLANG_WARN__DUPLICATE_METHOD_MATCH = YES;
				COPY_PHASE_STRIP = NO;
				DEBUG_INFORMATION_FORMAT = "dwarf-with-dsym";
				ENABLE_NS_ASSERTIONS = NO;
				ENABLE_STRICT_OBJC_MSGSEND = YES;
				GCC_C_LANGUAGE_STANDARD = gnu11;
				GCC_NO_COMMON_BLOCKS = YES;
				GCC_WARN_64_TO_32_BIT_CONVERSION = YES;
				GCC_WARN_ABOUT_RETURN_TYPE = YES_ERROR;
				GCC_WARN_UNDECLARED_SELECTOR = YES;
				GCC_WARN_UNINITIALIZED_AUTOS = YES_AGGRESSIVE;
				GCC_WARN_UNUSED_FUNCTION = YES;
				GCC_WARN_UNUSED_VARIABLE = YES;
				IPHONEOS_DEPLOYMENT_TARGET = 15.5;
				MTL_ENABLE_DEBUG_INFO = NO;
				MTL_FAST_MATH = YES;
				SDKROOT = iphoneos;
				SWIFT_COMPILATION_MODE = wholemodule;
				SWIFT_OPTIMIZATION_LEVEL = "-O";
				VALIDATE_PRODUCT = YES;
			};
			name = Release;
		};
		4E9023D92C3C40BC00A9C691 /* Debug */ = {
			isa = XCBuildConfiguration;
			buildSettings = {
				ASSETCATALOG_COMPILER_APPICON_NAME = AppIcon;
				ASSETCATALOG_COMPILER_GLOBAL_ACCENT_COLOR_NAME = AccentColor;
				CODE_SIGN_STYLE = Automatic;
				CURRENT_PROJECT_VERSION = 1;
				DEVELOPMENT_ASSET_PATHS = "\"Dubizzle_Clone_SwiftUI/Preview Content\"";
				ENABLE_PREVIEWS = YES;
				GENERATE_INFOPLIST_FILE = YES;
				INFOPLIST_KEY_UIApplicationSceneManifest_Generation = YES;
				INFOPLIST_KEY_UIApplicationSupportsIndirectInputEvents = YES;
				INFOPLIST_KEY_UILaunchScreen_Generation = YES;
				INFOPLIST_KEY_UISupportedInterfaceOrientations_iPad = "UIInterfaceOrientationPortrait UIInterfaceOrientationPortraitUpsideDown UIInterfaceOrientationLandscapeLeft UIInterfaceOrientationLandscapeRight";
				INFOPLIST_KEY_UISupportedInterfaceOrientations_iPhone = "UIInterfaceOrientationPortrait UIInterfaceOrientationLandscapeLeft UIInterfaceOrientationLandscapeRight";
				LD_RUNPATH_SEARCH_PATHS = (
					"$(inherited)",
					"@executable_path/Frameworks",
				);
				MARKETING_VERSION = 1.0;
				PRODUCT_BUNDLE_IDENTIFIER = "com.sai.development.Dubizzle-Clone-SwiftUI";
				PRODUCT_NAME = "$(TARGET_NAME)";
				SWIFT_EMIT_LOC_STRINGS = YES;
				SWIFT_VERSION = 5.0;
				TARGETED_DEVICE_FAMILY = "1,2";
			};
			name = Debug;
		};
		4E9023DA2C3C40BC00A9C691 /* Release */ = {
			isa = XCBuildConfiguration;
			buildSettings = {
				ASSETCATALOG_COMPILER_APPICON_NAME = AppIcon;
				ASSETCATALOG_COMPILER_GLOBAL_ACCENT_COLOR_NAME = AccentColor;
				CODE_SIGN_STYLE = Automatic;
				CURRENT_PROJECT_VERSION = 1;
				DEVELOPMENT_ASSET_PATHS = "\"Dubizzle_Clone_SwiftUI/Preview Content\"";
				ENABLE_PREVIEWS = YES;
				GENERATE_INFOPLIST_FILE = YES;
				INFOPLIST_KEY_UIApplicationSceneManifest_Generation = YES;
				INFOPLIST_KEY_UIApplicationSupportsIndirectInputEvents = YES;
				INFOPLIST_KEY_UILaunchScreen_Generation = YES;
				INFOPLIST_KEY_UISupportedInterfaceOrientations_iPad = "UIInterfaceOrientationPortrait UIInterfaceOrientationPortraitUpsideDown UIInterfaceOrientationLandscapeLeft UIInterfaceOrientationLandscapeRight";
				INFOPLIST_KEY_UISupportedInterfaceOrientations_iPhone = "UIInterfaceOrientationPortrait UIInterfaceOrientationLandscapeLeft UIInterfaceOrientationLandscapeRight";
				LD_RUNPATH_SEARCH_PATHS = (
					"$(inherited)",
					"@executable_path/Frameworks",
				);
				MARKETING_VERSION = 1.0;
				PRODUCT_BUNDLE_IDENTIFIER = "com.sai.development.Dubizzle-Clone-SwiftUI";
				PRODUCT_NAME = "$(TARGET_NAME)";
				SWIFT_EMIT_LOC_STRINGS = YES;
				SWIFT_VERSION = 5.0;
				TARGETED_DEVICE_FAMILY = "1,2";
			};
			name = Release;
		};
		4E9023DC2C3C40BC00A9C691 /* Debug */ = {
			isa = XCBuildConfiguration;
			buildSettings = {
				ALWAYS_EMBED_SWIFT_STANDARD_LIBRARIES = YES;
				BUNDLE_LOADER = "$(TEST_HOST)";
				CODE_SIGN_STYLE = Automatic;
				CURRENT_PROJECT_VERSION = 1;
				GENERATE_INFOPLIST_FILE = YES;
				IPHONEOS_DEPLOYMENT_TARGET = 15.5;
				MARKETING_VERSION = 1.0;
				PRODUCT_BUNDLE_IDENTIFIER = "com.sai.development.Dubizzle-Clone-SwiftUITests";
				PRODUCT_NAME = "$(TARGET_NAME)";
				SWIFT_EMIT_LOC_STRINGS = NO;
				SWIFT_VERSION = 5.0;
				TARGETED_DEVICE_FAMILY = "1,2";
				TEST_HOST = "$(BUILT_PRODUCTS_DIR)/Dubizzle_Clone_SwiftUI.app/Dubizzle_Clone_SwiftUI";
			};
			name = Debug;
		};
		4E9023DD2C3C40BC00A9C691 /* Release */ = {
			isa = XCBuildConfiguration;
			buildSettings = {
				ALWAYS_EMBED_SWIFT_STANDARD_LIBRARIES = YES;
				BUNDLE_LOADER = "$(TEST_HOST)";
				CODE_SIGN_STYLE = Automatic;
				CURRENT_PROJECT_VERSION = 1;
				GENERATE_INFOPLIST_FILE = YES;
				IPHONEOS_DEPLOYMENT_TARGET = 15.5;
				MARKETING_VERSION = 1.0;
				PRODUCT_BUNDLE_IDENTIFIER = "com.sai.development.Dubizzle-Clone-SwiftUITests";
				PRODUCT_NAME = "$(TARGET_NAME)";
				SWIFT_EMIT_LOC_STRINGS = NO;
				SWIFT_VERSION = 5.0;
				TARGETED_DEVICE_FAMILY = "1,2";
				TEST_HOST = "$(BUILT_PRODUCTS_DIR)/Dubizzle_Clone_SwiftUI.app/Dubizzle_Clone_SwiftUI";
			};
			name = Release;
		};
		4E9023DF2C3C40BC00A9C691 /* Debug */ = {
			isa = XCBuildConfiguration;
			buildSettings = {
				ALWAYS_EMBED_SWIFT_STANDARD_LIBRARIES = YES;
				CODE_SIGN_STYLE = Automatic;
				CURRENT_PROJECT_VERSION = 1;
				GENERATE_INFOPLIST_FILE = YES;
				MARKETING_VERSION = 1.0;
				PRODUCT_BUNDLE_IDENTIFIER = "com.sai.development.Dubizzle-Clone-SwiftUIUITests";
				PRODUCT_NAME = "$(TARGET_NAME)";
				SWIFT_EMIT_LOC_STRINGS = NO;
				SWIFT_VERSION = 5.0;
				TARGETED_DEVICE_FAMILY = "1,2";
				TEST_TARGET_NAME = Dubizzle_Clone_SwiftUI;
			};
			name = Debug;
		};
		4E9023E02C3C40BC00A9C691 /* Release */ = {
			isa = XCBuildConfiguration;
			buildSettings = {
				ALWAYS_EMBED_SWIFT_STANDARD_LIBRARIES = YES;
				CODE_SIGN_STYLE = Automatic;
				CURRENT_PROJECT_VERSION = 1;
				GENERATE_INFOPLIST_FILE = YES;
				MARKETING_VERSION = 1.0;
				PRODUCT_BUNDLE_IDENTIFIER = "com.sai.development.Dubizzle-Clone-SwiftUIUITests";
				PRODUCT_NAME = "$(TARGET_NAME)";
				SWIFT_EMIT_LOC_STRINGS = NO;
				SWIFT_VERSION = 5.0;
				TARGETED_DEVICE_FAMILY = "1,2";
				TEST_TARGET_NAME = Dubizzle_Clone_SwiftUI;
			};
			name = Release;
		};
/* End XCBuildConfiguration section */

/* Begin XCConfigurationList section */
		4E9023AF2C3C40B700A9C691 /* Build configuration list for PBXProject "Dubizzle_Clone_SwiftUI" */ = {
			isa = XCConfigurationList;
			buildConfigurations = (
				4E9023D62C3C40BC00A9C691 /* Debug */,
				4E9023D72C3C40BC00A9C691 /* Release */,
			);
			defaultConfigurationIsVisible = 0;
			defaultConfigurationName = Release;
		};
		4E9023D82C3C40BC00A9C691 /* Build configuration list for PBXNativeTarget "Dubizzle_Clone_SwiftUI" */ = {
			isa = XCConfigurationList;
			buildConfigurations = (
				4E9023D92C3C40BC00A9C691 /* Debug */,
				4E9023DA2C3C40BC00A9C691 /* Release */,
			);
			defaultConfigurationIsVisible = 0;
			defaultConfigurationName = Release;
		};
		4E9023DB2C3C40BC00A9C691 /* Build configuration list for PBXNativeTarget "Dubizzle_Clone_SwiftUITests" */ = {
			isa = XCConfigurationList;
			buildConfigurations = (
				4E9023DC2C3C40BC00A9C691 /* Debug */,
				4E9023DD2C3C40BC00A9C691 /* Release */,
			);
			defaultConfigurationIsVisible = 0;
			defaultConfigurationName = Release;
		};
		4E9023DE2C3C40BC00A9C691 /* Build configuration list for PBXNativeTarget "Dubizzle_Clone_SwiftUIUITests" */ = {
			isa = XCConfigurationList;
			buildConfigurations = (
				4E9023DF2C3C40BC00A9C691 /* Debug */,
				4E9023E02C3C40BC00A9C691 /* Release */,
			);
			defaultConfigurationIsVisible = 0;
			defaultConfigurationName = Release;
		};
/* End XCConfigurationList section */
	};
	rootObject = 4E9023AC2C3C40B700A9C691 /* Project object */;
}
